
Microsoft Visual Studio Solution File, Format Version 12.00
# Visual Studio Version 17
VisualStudioVersion = 17.5.002.0
MinimumVisualStudioVersion = 10.0.40219.1
Project("{9A19103F-16F7-4668-BE54-9A1E7A4F7556}") = "Test", "Test.csproj", "{303512B0-BEEA-4AF7-9970-DFF73C3EFA05}"
EndProject
Global
	GlobalSection(SolutionConfigurationPlatforms) = preSolution
		Debug|Any CPU = Debug|Any CPU
		Release|Any CPU = Release|Any CPU
	EndGlobalSection
	GlobalSection(ProjectConfigurationPlatforms) = postSolution
		{303512B0-BEEA-4AF7-9970-DFF73C3EFA05}.Debug|Any CPU.ActiveCfg = Debug|Any CPU
		{303512B0-BEEA-4AF7-9970-DFF73C3EFA05}.Debug|Any CPU.Build.0 = Debug|Any CPU
		{303512B0-BEEA-4AF7-9970-DFF73C3EFA05}.Release|Any CPU.ActiveCfg = Release|Any CPU
		{303512B0-BEEA-4AF7-9970-DFF73C3EFA05}.Release|Any CPU.Build.0 = Release|Any CPU
	EndGlobalSection
	GlobalSection(SolutionProperties) = preSolution
		HideSolutionNode = FALSE
	EndGlobalSection
	GlobalSection(ExtensibilityGlobals) = postSolution
		SolutionGuid = {5D24907B-68B0-4BAD-A9BB-114CAC19C882}
	EndGlobalSection
EndGlobal
